
Microsoft Visual Studio Solution File, Format Version 12.00
# Visual Studio Version 17
VisualStudioVersion = 17.13.35825.156
MinimumVisualStudioVersion = 10.0.40219.1
Project("{FAE04EC0-301F-11D3-BF4B-00C04F79EFBC}") = "BankBarden", "BankBarden\BankBarden.csproj", "{AAA325FC-C00A-406B-9B38-4330403E0406}"
EndProject
Project("{FAE04EC0-301F-11D3-BF4B-00C04F79EFBC}") = "DataAccessLayer", "DataAccessLayer\DataAccessLayer.csproj", "{6B49C119-E52B-442B-9A0D-6A564AAADD58}"
EndProject
Project("{FAE04EC0-301F-11D3-BF4B-00C04F79EFBC}") = "Service", "Service\Service.csproj", "{0E2B3C0C-11FD-4B9F-AE6C-9EA354284ED3}"
EndProject
Global
	GlobalSection(SolutionConfigurationPlatforms) = preSolution
		Debug|Any CPU = Debug|Any CPU
		Release|Any CPU = Release|Any CPU
	EndGlobalSection
	GlobalSection(ProjectConfigurationPlatforms) = postSolution
		{AAA325FC-C00A-406B-9B38-4330403E0406}.Debug|Any CPU.ActiveCfg = Debug|Any CPU
		{AAA325FC-C00A-406B-9B38-4330403E0406}.Debug|Any CPU.Build.0 = Debug|Any CPU
		{AAA325FC-C00A-406B-9B38-4330403E0406}.Release|Any CPU.ActiveCfg = Release|Any CPU
		{AAA325FC-C00A-406B-9B38-4330403E0406}.Release|Any CPU.Build.0 = Release|Any CPU
		{6B49C119-E52B-442B-9A0D-6A564AAADD58}.Debug|Any CPU.ActiveCfg = Debug|Any CPU
		{6B49C119-E52B-442B-9A0D-6A564AAADD58}.Debug|Any CPU.Build.0 = Debug|Any CPU
		{6B49C119-E52B-442B-9A0D-6A564AAADD58}.Release|Any CPU.ActiveCfg = Release|Any CPU
		{6B49C119-E52B-442B-9A0D-6A564AAADD58}.Release|Any CPU.Build.0 = Release|Any CPU
		{0E2B3C0C-11FD-4B9F-AE6C-9EA354284ED3}.Debug|Any CPU.ActiveCfg = Debug|Any CPU
		{0E2B3C0C-11FD-4B9F-AE6C-9EA354284ED3}.Debug|Any CPU.Build.0 = Debug|Any CPU
		{0E2B3C0C-11FD-4B9F-AE6C-9EA354284ED3}.Release|Any CPU.ActiveCfg = Release|Any CPU
		{0E2B3C0C-11FD-4B9F-AE6C-9EA354284ED3}.Release|Any CPU.Build.0 = Release|Any CPU
	EndGlobalSection
	GlobalSection(SolutionProperties) = preSolution
		HideSolutionNode = FALSE
	EndGlobalSection
	GlobalSection(ExtensibilityGlobals) = postSolution
		SolutionGuid = {4FE95A9C-09EE-4CD7-8DDD-082BB1475133}
	EndGlobalSection
EndGlobal
